
Microsoft Visual Studio Solution File, Format Version 12.00
# Visual Studio Version 17
VisualStudioVersion = 17.6.33829.357
MinimumVisualStudioVersion = 10.0.40219.1
Project("{FAE04EC0-301F-11D3-BF4B-00C04F79EFBC}") = "xadrez-console", "xadrez-console\xadrez-console.csproj", "{A21C5083-0168-4A84-B1B1-F3692AAE93B0}"
EndProject
Global
	GlobalSection(SolutionConfigurationPlatforms) = preSolution
		Debug|Any CPU = Debug|Any CPU
		Release|Any CPU = Release|Any CPU
	EndGlobalSection
	GlobalSection(ProjectConfigurationPlatforms) = postSolution
		{A21C5083-0168-4A84-B1B1-F3692AAE93B0}.Debug|Any CPU.ActiveCfg = Debug|Any CPU
		{A21C5083-0168-4A84-B1B1-F3692AAE93B0}.Debug|Any CPU.Build.0 = Debug|Any CPU
		{A21C5083-0168-4A84-B1B1-F3692AAE93B0}.Release|Any CPU.ActiveCfg = Release|Any CPU
		{A21C5083-0168-4A84-B1B1-F3692AAE93B0}.Release|Any CPU.Build.0 = Release|Any CPU
	EndGlobalSection
	GlobalSection(SolutionProperties) = preSolution
		HideSolutionNode = FALSE
	EndGlobalSection
	GlobalSection(ExtensibilityGlobals) = postSolution
		SolutionGuid = {434852A6-E99E-44D7-B52E-812376E2768E}
	EndGlobalSection
EndGlobal
